
Microsoft Visual Studio Solution File, Format Version 12.00
# Visual Studio Version 17
VisualStudioVersion = 17.9.34728.123
MinimumVisualStudioVersion = 10.0.40219.1
Project("{FAE04EC0-301F-11D3-BF4B-00C04F79EFBC}") = "CalculatorFiguresLib", "CalculatorFiguresLib\CalculatorFiguresLib.csproj", "{4BF2D840-8A98-44FB-9EDB-2FF7D4DFEB5F}"
EndProject
Project("{FAE04EC0-301F-11D3-BF4B-00C04F79EFBC}") = "CalculatorFiguresLib.UnitTest", "CalculatorFiguresLib.UnitTest\CalculatorFiguresLib.UnitTest.csproj", "{759F7708-404F-4D99-B755-4B96C2223A59}"
EndProject
Global
	GlobalSection(SolutionConfigurationPlatforms) = preSolution
		Debug|Any CPU = Debug|Any CPU
		Release|Any CPU = Release|Any CPU
	EndGlobalSection
	GlobalSection(ProjectConfigurationPlatforms) = postSolution
		{4BF2D840-8A98-44FB-9EDB-2FF7D4DFEB5F}.Debug|Any CPU.ActiveCfg = Debug|Any CPU
		{4BF2D840-8A98-44FB-9EDB-2FF7D4DFEB5F}.Debug|Any CPU.Build.0 = Debug|Any CPU
		{4BF2D840-8A98-44FB-9EDB-2FF7D4DFEB5F}.Release|Any CPU.ActiveCfg = Release|Any CPU
		{4BF2D840-8A98-44FB-9EDB-2FF7D4DFEB5F}.Release|Any CPU.Build.0 = Release|Any CPU
		{759F7708-404F-4D99-B755-4B96C2223A59}.Debug|Any CPU.ActiveCfg = Debug|Any CPU
		{759F7708-404F-4D99-B755-4B96C2223A59}.Debug|Any CPU.Build.0 = Debug|Any CPU
		{759F7708-404F-4D99-B755-4B96C2223A59}.Release|Any CPU.ActiveCfg = Release|Any CPU
		{759F7708-404F-4D99-B755-4B96C2223A59}.Release|Any CPU.Build.0 = Release|Any CPU
	EndGlobalSection
	GlobalSection(SolutionProperties) = preSolution
		HideSolutionNode = FALSE
	EndGlobalSection
	GlobalSection(ExtensibilityGlobals) = postSolution
		SolutionGuid = {AD3048E5-1056-4E6A-9240-9DCF10F5652B}
	EndGlobalSection
EndGlobal
